
Microsoft Visual Studio Solution File, Format Version 11.00
# Visual Studio 2010
Project("{FAE04EC0-301F-11D3-BF4B-00C04F79EFBC}") = "KartGame", "KartGame.csproj", "{524cf30a-3ab7-8786-88fa-0eca7e6dbeb2}"
EndProject
Project("{FAE04EC0-301F-11D3-BF4B-00C04F79EFBC}") = "KartGame.AI", "KartGame.AI.csproj", "{ec8f8e82-fb60-53cb-aac7-1af3274d14e8}"
EndProject
Project("{FAE04EC0-301F-11D3-BF4B-00C04F79EFBC}") = "Assembly-CSharp", "Assembly-CSharp.csproj", "{cf7c91ce-1c3f-60e6-0fd6-01e77311ffad}"
EndProject
Project("{FAE04EC0-301F-11D3-BF4B-00C04F79EFBC}") = "Unity.Microgame.Tutorials", "Unity.Microgame.Tutorials.csproj", "{416cf07c-74e9-c647-44cb-f4c65d0d4589}"
EndProject
Project("{FAE04EC0-301F-11D3-BF4B-00C04F79EFBC}") = "KartGame.AI.Editor", "KartGame.AI.Editor.csproj", "{33c88845-cf35-817e-5378-0f53078901eb}"
EndProject
Project("{FAE04EC0-301F-11D3-BF4B-00C04F79EFBC}") = "KartGame.Editor", "KartGame.Editor.csproj", "{9ad405ec-42aa-5524-e141-51fd5a70a510}"
EndProject
Project("{FAE04EC0-301F-11D3-BF4B-00C04F79EFBC}") = "Unity.Karting.Tutorials", "Unity.Karting.Tutorials.csproj", "{dd59658b-8648-07d0-e9c0-43e30666bfbd}"
EndProject
Global
	GlobalSection(SolutionConfigurationPlatforms) = preSolution
		Debug|Any CPU = Debug|Any CPU
	EndGlobalSection
	GlobalSection(ProjectConfigurationPlatforms) = postSolution
		{524cf30a-3ab7-8786-88fa-0eca7e6dbeb2}.Debug|Any CPU.ActiveCfg = Debug|Any CPU
		{524cf30a-3ab7-8786-88fa-0eca7e6dbeb2}.Debug|Any CPU.Build.0 = Debug|Any CPU
		{ec8f8e82-fb60-53cb-aac7-1af3274d14e8}.Debug|Any CPU.ActiveCfg = Debug|Any CPU
		{ec8f8e82-fb60-53cb-aac7-1af3274d14e8}.Debug|Any CPU.Build.0 = Debug|Any CPU
		{cf7c91ce-1c3f-60e6-0fd6-01e77311ffad}.Debug|Any CPU.ActiveCfg = Debug|Any CPU
		{cf7c91ce-1c3f-60e6-0fd6-01e77311ffad}.Debug|Any CPU.Build.0 = Debug|Any CPU
		{416cf07c-74e9-c647-44cb-f4c65d0d4589}.Debug|Any CPU.ActiveCfg = Debug|Any CPU
		{416cf07c-74e9-c647-44cb-f4c65d0d4589}.Debug|Any CPU.Build.0 = Debug|Any CPU
		{33c88845-cf35-817e-5378-0f53078901eb}.Debug|Any CPU.ActiveCfg = Debug|Any CPU
		{33c88845-cf35-817e-5378-0f53078901eb}.Debug|Any CPU.Build.0 = Debug|Any CPU
		{9ad405ec-42aa-5524-e141-51fd5a70a510}.Debug|Any CPU.ActiveCfg = Debug|Any CPU
		{9ad405ec-42aa-5524-e141-51fd5a70a510}.Debug|Any CPU.Build.0 = Debug|Any CPU
		{dd59658b-8648-07d0-e9c0-43e30666bfbd}.Debug|Any CPU.ActiveCfg = Debug|Any CPU
		{dd59658b-8648-07d0-e9c0-43e30666bfbd}.Debug|Any CPU.Build.0 = Debug|Any CPU
	EndGlobalSection
	GlobalSection(SolutionProperties) = preSolution
		HideSolutionNode = FALSE
	EndGlobalSection
EndGlobal
