
Microsoft Visual Studio Solution File, Format Version 11.00
# Visual Studio 2010
Project("{FAE04EC0-301F-11D3-BF4B-00C04F79EFBC}") = "KartGame", "KartGame.csproj", "{87469b60-266f-42c9-5173-9f7b09c564ad}"
EndProject
Project("{FAE04EC0-301F-11D3-BF4B-00C04F79EFBC}") = "KartGame.AI", "KartGame.AI.csproj", "{9f3d266c-a870-c08b-4c90-9c811139b5ea}"
EndProject
Project("{FAE04EC0-301F-11D3-BF4B-00C04F79EFBC}") = "Assembly-CSharp", "Assembly-CSharp.csproj", "{5eaa7191-0f50-bba9-36fb-1f9414113c7c}"
EndProject
Project("{FAE04EC0-301F-11D3-BF4B-00C04F79EFBC}") = "Unity.Microgame.Tutorials", "Unity.Microgame.Tutorials.csproj", "{cf9898bd-0d1a-1635-e42a-7d6eb14ea512}"
EndProject
Project("{FAE04EC0-301F-11D3-BF4B-00C04F79EFBC}") = "KartGame.AI.Editor", "KartGame.AI.Editor.csproj", "{8097aaad-d6f7-ba50-3e83-7585d9ee28e8}"
EndProject
Project("{FAE04EC0-301F-11D3-BF4B-00C04F79EFBC}") = "KartGame.Editor", "KartGame.Editor.csproj", "{6495b710-9e19-8f69-4c4d-7f0a3685e387}"
EndProject
Project("{FAE04EC0-301F-11D3-BF4B-00C04F79EFBC}") = "Unity.Karting.Tutorials", "Unity.Karting.Tutorials.csproj", "{5cbafbe9-bc9c-88a0-b909-ab04bf44947a}"
EndProject
Global
	GlobalSection(SolutionConfigurationPlatforms) = preSolution
		Debug|Any CPU = Debug|Any CPU
	EndGlobalSection
	GlobalSection(ProjectConfigurationPlatforms) = postSolution
		{87469b60-266f-42c9-5173-9f7b09c564ad}.Debug|Any CPU.ActiveCfg = Debug|Any CPU
		{87469b60-266f-42c9-5173-9f7b09c564ad}.Debug|Any CPU.Build.0 = Debug|Any CPU
		{9f3d266c-a870-c08b-4c90-9c811139b5ea}.Debug|Any CPU.ActiveCfg = Debug|Any CPU
		{9f3d266c-a870-c08b-4c90-9c811139b5ea}.Debug|Any CPU.Build.0 = Debug|Any CPU
		{5eaa7191-0f50-bba9-36fb-1f9414113c7c}.Debug|Any CPU.ActiveCfg = Debug|Any CPU
		{5eaa7191-0f50-bba9-36fb-1f9414113c7c}.Debug|Any CPU.Build.0 = Debug|Any CPU
		{cf9898bd-0d1a-1635-e42a-7d6eb14ea512}.Debug|Any CPU.ActiveCfg = Debug|Any CPU
		{cf9898bd-0d1a-1635-e42a-7d6eb14ea512}.Debug|Any CPU.Build.0 = Debug|Any CPU
		{8097aaad-d6f7-ba50-3e83-7585d9ee28e8}.Debug|Any CPU.ActiveCfg = Debug|Any CPU
		{8097aaad-d6f7-ba50-3e83-7585d9ee28e8}.Debug|Any CPU.Build.0 = Debug|Any CPU
		{6495b710-9e19-8f69-4c4d-7f0a3685e387}.Debug|Any CPU.ActiveCfg = Debug|Any CPU
		{6495b710-9e19-8f69-4c4d-7f0a3685e387}.Debug|Any CPU.Build.0 = Debug|Any CPU
		{5cbafbe9-bc9c-88a0-b909-ab04bf44947a}.Debug|Any CPU.ActiveCfg = Debug|Any CPU
		{5cbafbe9-bc9c-88a0-b909-ab04bf44947a}.Debug|Any CPU.Build.0 = Debug|Any CPU
	EndGlobalSection
	GlobalSection(SolutionProperties) = preSolution
		HideSolutionNode = FALSE
	EndGlobalSection
EndGlobal
